
Microsoft Visual Studio Solution File, Format Version 12.00
# Visual Studio Version 17
VisualStudioVersion = 17.14.36310.24
MinimumVisualStudioVersion = 10.0.40219.1
Project("{FAE04EC0-301F-11D3-BF4B-00C04F79EFBC}") = "GlobalRequestLogger", "GlobalRequestLogger\GlobalRequestLogger.csproj", "{B958E40B-03CA-4CA2-BAC7-AF34AED72530}"
EndProject
Global
	GlobalSection(SolutionConfigurationPlatforms) = preSolution
		Debug|Any CPU = Debug|Any CPU
		Release|Any CPU = Release|Any CPU
	EndGlobalSection
	GlobalSection(ProjectConfigurationPlatforms) = postSolution
		{B958E40B-03CA-4CA2-BAC7-AF34AED72530}.Debug|Any CPU.ActiveCfg = Debug|Any CPU
		{B958E40B-03CA-4CA2-BAC7-AF34AED72530}.Debug|Any CPU.Build.0 = Debug|Any CPU
		{B958E40B-03CA-4CA2-BAC7-AF34AED72530}.Release|Any CPU.ActiveCfg = Release|Any CPU
		{B958E40B-03CA-4CA2-BAC7-AF34AED72530}.Release|Any CPU.Build.0 = Release|Any CPU
	EndGlobalSection
	GlobalSection(SolutionProperties) = preSolution
		HideSolutionNode = FALSE
	EndGlobalSection
	GlobalSection(ExtensibilityGlobals) = postSolution
		SolutionGuid = {7FBAA884-87BB-4DC3-BCD0-FEA651DE0CC2}
	EndGlobalSection
EndGlobal
